
Microsoft Visual Studio Solution File, Format Version 12.00
# Visual Studio Version 16
VisualStudioVersion = 16.0.33529.622
MinimumVisualStudioVersion = 10.0.40219.1
Project("{FAE04EC0-301F-11D3-BF4B-00C04F79EFBC}") = "Enums", "Enums\Enums.csproj", "{9D5EAE0F-6185-4F63-B407-FB80FBA2DE6F}"
EndProject
Global
	GlobalSection(SolutionConfigurationPlatforms) = preSolution
		Debug|Any CPU = Debug|Any CPU
		Release|Any CPU = Release|Any CPU
	EndGlobalSection
	GlobalSection(ProjectConfigurationPlatforms) = postSolution
		{9D5EAE0F-6185-4F63-B407-FB80FBA2DE6F}.Debug|Any CPU.ActiveCfg = Debug|Any CPU
		{9D5EAE0F-6185-4F63-B407-FB80FBA2DE6F}.Debug|Any CPU.Build.0 = Debug|Any CPU
		{9D5EAE0F-6185-4F63-B407-FB80FBA2DE6F}.Release|Any CPU.ActiveCfg = Release|Any CPU
		{9D5EAE0F-6185-4F63-B407-FB80FBA2DE6F}.Release|Any CPU.Build.0 = Release|Any CPU
	EndGlobalSection
	GlobalSection(SolutionProperties) = preSolution
		HideSolutionNode = FALSE
	EndGlobalSection
	GlobalSection(ExtensibilityGlobals) = postSolution
		SolutionGuid = {1954CAEA-4908-4D00-BC00-4E500D82DCD5}
	EndGlobalSection
EndGlobal
