
Microsoft Visual Studio Solution File, Format Version 12.00
# Visual Studio Version 16
VisualStudioVersion = 16.0.33529.622
MinimumVisualStudioVersion = 10.0.40219.1
Project("{FAE04EC0-301F-11D3-BF4B-00C04F79EFBC}") = "MethodClassV7", "MethodClassV7\MethodClassV7.csproj", "{6A646F09-8F2A-40F9-9808-F33E20C2B3F9}"
EndProject
Global
	GlobalSection(SolutionConfigurationPlatforms) = preSolution
		Debug|Any CPU = Debug|Any CPU
		Release|Any CPU = Release|Any CPU
	EndGlobalSection
	GlobalSection(ProjectConfigurationPlatforms) = postSolution
		{6A646F09-8F2A-40F9-9808-F33E20C2B3F9}.Debug|Any CPU.ActiveCfg = Debug|Any CPU
		{6A646F09-8F2A-40F9-9808-F33E20C2B3F9}.Debug|Any CPU.Build.0 = Debug|Any CPU
		{6A646F09-8F2A-40F9-9808-F33E20C2B3F9}.Release|Any CPU.ActiveCfg = Release|Any CPU
		{6A646F09-8F2A-40F9-9808-F33E20C2B3F9}.Release|Any CPU.Build.0 = Release|Any CPU
	EndGlobalSection
	GlobalSection(SolutionProperties) = preSolution
		HideSolutionNode = FALSE
	EndGlobalSection
	GlobalSection(ExtensibilityGlobals) = postSolution
		SolutionGuid = {1C0967FA-5A55-453B-B564-2CECD703E897}
	EndGlobalSection
EndGlobal
