
Microsoft Visual Studio Solution File, Format Version 12.00
# Visual Studio Version 16
VisualStudioVersion = 16.0.33529.622
MinimumVisualStudioVersion = 10.0.40219.1
Project("{FAE04EC0-301F-11D3-BF4B-00C04F79EFBC}") = "IncomeComparison", "IncomeComparison\IncomeComparison.csproj", "{69DD7FA0-464B-4FDD-8066-B269441770BE}"
EndProject
Global
	GlobalSection(SolutionConfigurationPlatforms) = preSolution
		Debug|Any CPU = Debug|Any CPU
		Release|Any CPU = Release|Any CPU
	EndGlobalSection
	GlobalSection(ProjectConfigurationPlatforms) = postSolution
		{69DD7FA0-464B-4FDD-8066-B269441770BE}.Debug|Any CPU.ActiveCfg = Debug|Any CPU
		{69DD7FA0-464B-4FDD-8066-B269441770BE}.Debug|Any CPU.Build.0 = Debug|Any CPU
		{69DD7FA0-464B-4FDD-8066-B269441770BE}.Release|Any CPU.ActiveCfg = Release|Any CPU
		{69DD7FA0-464B-4FDD-8066-B269441770BE}.Release|Any CPU.Build.0 = Release|Any CPU
	EndGlobalSection
	GlobalSection(SolutionProperties) = preSolution
		HideSolutionNode = FALSE
	EndGlobalSection
	GlobalSection(ExtensibilityGlobals) = postSolution
		SolutionGuid = {AF406159-6763-4527-BB50-AA889778E4D7}
	EndGlobalSection
EndGlobal
