
Microsoft Visual Studio Solution File, Format Version 12.00
# Visual Studio Version 16
VisualStudioVersion = 16.0.33529.622
MinimumVisualStudioVersion = 10.0.40219.1
Project("{FAE04EC0-301F-11D3-BF4B-00C04F79EFBC}") = "LoopsAndArraysV2", "LoopsAndArraysV2\LoopsAndArraysV2.csproj", "{09AFA028-4BF7-456D-A638-4FD81B067B00}"
EndProject
Global
	GlobalSection(SolutionConfigurationPlatforms) = preSolution
		Debug|Any CPU = Debug|Any CPU
		Release|Any CPU = Release|Any CPU
	EndGlobalSection
	GlobalSection(ProjectConfigurationPlatforms) = postSolution
		{09AFA028-4BF7-456D-A638-4FD81B067B00}.Debug|Any CPU.ActiveCfg = Debug|Any CPU
		{09AFA028-4BF7-456D-A638-4FD81B067B00}.Debug|Any CPU.Build.0 = Debug|Any CPU
		{09AFA028-4BF7-456D-A638-4FD81B067B00}.Release|Any CPU.ActiveCfg = Release|Any CPU
		{09AFA028-4BF7-456D-A638-4FD81B067B00}.Release|Any CPU.Build.0 = Release|Any CPU
	EndGlobalSection
	GlobalSection(SolutionProperties) = preSolution
		HideSolutionNode = FALSE
	EndGlobalSection
	GlobalSection(ExtensibilityGlobals) = postSolution
		SolutionGuid = {79E4AA94-F003-40E7-865D-0484A4CCAE90}
	EndGlobalSection
EndGlobal
