
Microsoft Visual Studio Solution File, Format Version 12.00
# Visual Studio Version 16
VisualStudioVersion = 16.0.33529.622
MinimumVisualStudioVersion = 10.0.40219.1
Project("{FAE04EC0-301F-11D3-BF4B-00C04F79EFBC}") = "MathClassMethod", "MathClassMethod\MathClassMethod.csproj", "{6ECC5C92-163B-4D9F-BB52-00B74BF01CE3}"
EndProject
Global
	GlobalSection(SolutionConfigurationPlatforms) = preSolution
		Debug|Any CPU = Debug|Any CPU
		Release|Any CPU = Release|Any CPU
	EndGlobalSection
	GlobalSection(ProjectConfigurationPlatforms) = postSolution
		{6ECC5C92-163B-4D9F-BB52-00B74BF01CE3}.Debug|Any CPU.ActiveCfg = Debug|Any CPU
		{6ECC5C92-163B-4D9F-BB52-00B74BF01CE3}.Debug|Any CPU.Build.0 = Debug|Any CPU
		{6ECC5C92-163B-4D9F-BB52-00B74BF01CE3}.Release|Any CPU.ActiveCfg = Release|Any CPU
		{6ECC5C92-163B-4D9F-BB52-00B74BF01CE3}.Release|Any CPU.Build.0 = Release|Any CPU
	EndGlobalSection
	GlobalSection(SolutionProperties) = preSolution
		HideSolutionNode = FALSE
	EndGlobalSection
	GlobalSection(ExtensibilityGlobals) = postSolution
		SolutionGuid = {D5883182-B3D9-46B3-A733-F7B9CBD6DD94}
	EndGlobalSection
EndGlobal
